
Microsoft Visual Studio Solution File, Format Version 12.00
# Visual Studio Version 17
VisualStudioVersion = 17.14.36616.10 d17.14
MinimumVisualStudioVersion = 10.0.40219.1
Project("{FAE04EC0-301F-11D3-BF4B-00C04F79EFBC}") = "BarberiaLosHermanos", "BarberiaLosHermanos\BarberiaLosHermanos.csproj", "{970CCDA9-8009-785B-99ED-CF5C6E37C8CD}"
EndProject
Global
	GlobalSection(SolutionConfigurationPlatforms) = preSolution
		Debug|Any CPU = Debug|Any CPU
		Release|Any CPU = Release|Any CPU
	EndGlobalSection
	GlobalSection(ProjectConfigurationPlatforms) = postSolution
		{970CCDA9-8009-785B-99ED-CF5C6E37C8CD}.Debug|Any CPU.ActiveCfg = Debug|Any CPU
		{970CCDA9-8009-785B-99ED-CF5C6E37C8CD}.Debug|Any CPU.Build.0 = Debug|Any CPU
		{970CCDA9-8009-785B-99ED-CF5C6E37C8CD}.Release|Any CPU.ActiveCfg = Release|Any CPU
		{970CCDA9-8009-785B-99ED-CF5C6E37C8CD}.Release|Any CPU.Build.0 = Release|Any CPU
	EndGlobalSection
	GlobalSection(SolutionProperties) = preSolution
		HideSolutionNode = FALSE
	EndGlobalSection
	GlobalSection(ExtensibilityGlobals) = postSolution
		SolutionGuid = {93BD3105-B04A-4549-804B-8EFB4E07B655}
	EndGlobalSection
EndGlobal
